
Microsoft Visual Studio Solution File, Format Version 12.00
Project("{FAE04EC0-301F-11D3-BF4B-00C04F79EFBC}") = "RoomRental.Domain", "RoomRental.Domain\RoomRental.Domain.csproj", "{B2B0AEB3-C685-4CDD-9425-53BE184D1C8D}"
EndProject
Project("{FAE04EC0-301F-11D3-BF4B-00C04F79EFBC}") = "RoomRental.Infrastructure", "RoomRental.Infrastructure\RoomRental.Infrastructure.csproj", "{EFF36230-E01C-4532-BBC3-21464BD060C7}"
EndProject
Project("{FAE04EC0-301F-11D3-BF4B-00C04F79EFBC}") = "RoomRental.API", "RoomRental.API\RoomRental.API.csproj", "{B73B163C-4317-4A51-A07D-D47439F41F2C}"
EndProject
Global
	GlobalSection(SolutionConfigurationPlatforms) = preSolution
		Debug|Any CPU = Debug|Any CPU
		Release|Any CPU = Release|Any CPU
	EndGlobalSection
	GlobalSection(ProjectConfigurationPlatforms) = postSolution
		{B2B0AEB3-C685-4CDD-9425-53BE184D1C8D}.Debug|Any CPU.ActiveCfg = Debug|Any CPU
		{B2B0AEB3-C685-4CDD-9425-53BE184D1C8D}.Debug|Any CPU.Build.0 = Debug|Any CPU
		{B2B0AEB3-C685-4CDD-9425-53BE184D1C8D}.Release|Any CPU.ActiveCfg = Release|Any CPU
		{B2B0AEB3-C685-4CDD-9425-53BE184D1C8D}.Release|Any CPU.Build.0 = Release|Any CPU
		{EFF36230-E01C-4532-BBC3-21464BD060C7}.Debug|Any CPU.ActiveCfg = Debug|Any CPU
		{EFF36230-E01C-4532-BBC3-21464BD060C7}.Debug|Any CPU.Build.0 = Debug|Any CPU
		{EFF36230-E01C-4532-BBC3-21464BD060C7}.Release|Any CPU.ActiveCfg = Release|Any CPU
		{EFF36230-E01C-4532-BBC3-21464BD060C7}.Release|Any CPU.Build.0 = Release|Any CPU
		{B73B163C-4317-4A51-A07D-D47439F41F2C}.Debug|Any CPU.ActiveCfg = Debug|Any CPU
		{B73B163C-4317-4A51-A07D-D47439F41F2C}.Debug|Any CPU.Build.0 = Debug|Any CPU
		{B73B163C-4317-4A51-A07D-D47439F41F2C}.Release|Any CPU.ActiveCfg = Release|Any CPU
		{B73B163C-4317-4A51-A07D-D47439F41F2C}.Release|Any CPU.Build.0 = Release|Any CPU
	EndGlobalSection
EndGlobal
